// !$*UTF8*$!
{
	archiveVersion = 1;
	classes = {
	};
	objectVersion = 46;
	objects = {

/* Begin PBXBuildFile section */
		9B01625B1F72E0FF005912CE /* AppDelegate.swift in Sources */ = {isa = PBXBuildFile; fileRef = 9B01625A1F72E0FF005912CE /* AppDelegate.swift */; };
		9B01625D1F72E0FF005912CE /* ViewController.swift in Sources */ = {isa = PBXBuildFile; fileRef = 9B01625C1F72E0FF005912CE /* ViewController.swift */; };
		9B0162601F72E0FF005912CE /* Main.storyboard in Resources */ = {isa = PBXBuildFile; fileRef = 9B01625E1F72E0FF005912CE /* Main.storyboard */; };
		9B0162621F72E0FF005912CE /* Assets.xcassets in Resources */ = {isa = PBXBuildFile; fileRef = 9B0162611F72E0FF005912CE /* Assets.xcassets */; };
		9B0162651F72E0FF005912CE /* LaunchScreen.storyboard in Resources */ = {isa = PBXBuildFile; fileRef = 9B0162631F72E0FF005912CE /* LaunchScreen.storyboard */; };
		9B0162701F72E309005912CE /* front.png in Resources */ = {isa = PBXBuildFile; fileRef = 9B01626D1F72E309005912CE /* front.png */; };
		9B0162711F72E309005912CE /* panda.png in Resources */ = {isa = PBXBuildFile; fileRef = 9B01626E1F72E309005912CE /* panda.png */; };
		9B0162721F72E309005912CE /* penguin.png in Resources */ = {isa = PBXBuildFile; fileRef = 9B01626F1F72E309005912CE /* penguin.png */; };
/* End PBXBuildFile section */

/* Begin PBXFileReference section */
		9B0162571F72E0FF005912CE /* Match_2.app */ = {isa = PBXFileReference; explicitFileType = wrapper.application; includeInIndex = 0; path = Match_2.app; sourceTree = BUILT_PRODUCTS_DIR; };
		9B01625A1F72E0FF005912CE /* AppDelegate.swift */ = {isa = PBXFileReference; lastKnownFileType = sourcecode.swift; path = AppDelegate.swift; sourceTree = "<group>"; };
		9B01625C1F72E0FF005912CE /* ViewController.swift */ = {isa = PBXFileReference; lastKnownFileType = sourcecode.swift; path = ViewController.swift; sourceTree = "<group>"; };
		9B01625F1F72E0FF005912CE /* Base */ = {isa = PBXFileReference; lastKnownFileType = file.storyboard; name = Base; path = Base.lproj/Main.storyboard; sourceTree = "<group>"; };
		9B0162611F72E0FF005912CE /* Assets.xcassets */ = {isa = PBXFileReference; lastKnownFileType = folder.assetcatalog; path = Assets.xcassets; sourceTree = "<group>"; };
		9B0162641F72E0FF005912CE /* Base */ = {isa = PBXFileReference; lastKnownFileType = file.storyboard; name = Base; path = Base.lproj/LaunchScreen.storyboard; sourceTree = "<group>"; };
		9B0162661F72E0FF005912CE /* Info.plist */ = {isa = PBXFileReference; lastKnownFileType = text.plist.xml; path = Info.plist; sourceTree = "<group>"; };
		9B01626D1F72E309005912CE /* front.png */ = {isa = PBXFileReference; lastKnownFileType = image.png; name = front.png; path = images/front.png; sourceTree = "<group>"; };
		9B01626E1F72E309005912CE /* panda.png */ = {isa = PBXFileReference; lastKnownFileType = image.png; name = panda.png; path = images/panda.png; sourceTree = "<group>"; };
		9B01626F1F72E309005912CE /* penguin.png */ = {isa = PBXFileReference; lastKnownFileType = image.png; name = penguin.png; path = images/penguin.png; sourceTree = "<group>"; };
/* End PBXFileReference section */

/* Begin PBXFrameworksBuildPhase section */
		9B0162541F72E0FE005912CE /* Frameworks */ = {
			isa = PBXFrameworksBuildPhase;
			buildActionMask = 2147483647;
			files = (
			);
			runOnlyForDeploymentPostprocessing = 0;
		};
/* End PBXFrameworksBuildPhase section */

/* Begin PBXGroup section */
		9B01624E1F72E0FE005912CE = {
			isa = PBXGroup;
			children = (
				9B0162591F72E0FF005912CE /* Match_2 */,
				9B0162581F72E0FF005912CE /* Products */,
			);
			sourceTree = "<group>";
		};
		9B0162581F72E0FF005912CE /* Products */ = {
			isa = PBXGroup;
			children = (
				9B0162571F72E0FF005912CE /* Match_2.app */,
			);
			name = Products;
			sourceTree = "<group>";
		};
		9B0162591F72E0FF005912CE /* Match_2 */ = {
			isa = PBXGroup;
			children = (
				9B01626C1F72E2CA005912CE /* images */,
				9B01625A1F72E0FF005912CE /* AppDelegate.swift */,
				9B01625C1F72E0FF005912CE /* ViewController.swift */,
				9B01625E1F72E0FF005912CE /* Main.storyboard */,
				9B0162611F72E0FF005912CE /* Assets.xcassets */,
				9B0162631F72E0FF005912CE /* LaunchScreen.storyboard */,
				9B0162661F72E0FF005912CE /* Info.plist */,
			);
			path = Match_2;
			sourceTree = "<group>";
		};
		9B01626C1F72E2CA005912CE /* images */ = {
			isa = PBXGroup;
			children = (
				9B01626D1F72E309005912CE /* front.png */,
				9B01626E1F72E309005912CE /* panda.png */,
				9B01626F1F72E309005912CE /* penguin.png */,
			);
			name = images;
			sourceTree = "<group>";
		};
/* End PBXGroup section */

/* Begin PBXNativeTarget section */
		9B0162561F72E0FE005912CE /* Match_2 */ = {
			isa = PBXNativeTarget;
			buildConfigurationList = 9B0162691F72E0FF005912CE /* Build configuration list for PBXNativeTarget "Match_2" */;
			buildPhases = (
				9B0162531F72E0FE005912CE /* Sources */,
				9B0162541F72E0FE005912CE /* Frameworks */,
				9B0162551F72E0FE005912CE /* Resources */,
			);
			buildRules = (
			);
			dependencies = (
			);
			name = Match_2;
			productName = Match_2;
			productReference = 9B0162571F72E0FF005912CE /* Match_2.app */;
			productType = "com.apple.product-type.application";
		};
/* End PBXNativeTarget section */

/* Begin PBXProject section */
		9B01624F1F72E0FE005912CE /* Project object */ = {
			isa = PBXProject;
			attributes = {
				LastSwiftUpdateCheck = 0820;
				LastUpgradeCheck = 0820;
				ORGANIZATIONNAME = eleves;
				TargetAttributes = {
					9B0162561F72E0FE005912CE = {
						CreatedOnToolsVersion = 8.2;
						ProvisioningStyle = Automatic;
					};
				};
			};
			buildConfigurationList = 9B0162521F72E0FE005912CE /* Build configuration list for PBXProject "Match_2" */;
			compatibilityVersion = "Xcode 3.2";
			developmentRegion = English;
			hasScannedForEncodings = 0;
			knownRegions = (
				en,
				Base,
			);
			mainGroup = 9B01624E1F72E0FE005912CE;
			productRefGroup = 9B0162581F72E0FF005912CE /* Products */;
			projectDirPath = "";
			projectRoot = "";
			targets = (
				9B0162561F72E0FE005912CE /* Match_2 */,
			);
		};
/* End PBXProject section */

/* Begin PBXResourcesBuildPhase section */
		9B0162551F72E0FE005912CE /* Resources */ = {
			isa = PBXResourcesBuildPhase;
			buildActionMask = 2147483647;
			files = (
				9B0162721F72E309005912CE /* penguin.png in Resources */,
				9B0162711F72E309005912CE /* panda.png in Resources */,
				9B0162651F72E0FF005912CE /* LaunchScreen.storyboard in Resources */,
				9B0162701F72E309005912CE /* front.png in Resources */,
				9B0162621F72E0FF005912CE /* Assets.xcassets in Resources */,
				9B0162601F72E0FF005912CE /* Main.storyboard in Resources */,
			);
			runOnlyForDeploymentPostprocessing = 0;
		};
/* End PBXResourcesBuildPhase section */

/* Begin PBXSourcesBuildPhase section */
		9B0162531F72E0FE005912CE /* Sources */ = {
			isa = PBXSourcesBuildPhase;
			buildActionMask = 2147483647;
			files = (
				9B01625D1F72E0FF005912CE /* ViewController.swift in Sources */,
				9B01625B1F72E0FF005912CE /* AppDelegate.swift in Sources */,
			);
			runOnlyForDeploymentPostprocessing = 0;
		};
/* End PBXSourcesBuildPhase section */

/* Begin PBXVariantGroup section */
		9B01625E1F72E0FF005912CE /* Main.storyboard */ = {
			isa = PBXVariantGroup;
			children = (
				9B01625F1F72E0FF005912CE /* Base */,
			);
			name = Main.storyboard;
			sourceTree = "<group>";
		};
		9B0162631F72E0FF005912CE /* LaunchScreen.storyboard */ = {
			isa = PBXVariantGroup;
			children = (
				9B0162641F72E0FF005912CE /* Base */,
			);
			name = LaunchScreen.storyboard;
			sourceTree = "<group>";
		};
/* End PBXVariantGroup section */

/* Begin XCBuildConfiguration section */
		9B0162671F72E0FF005912CE /* Debug */ = {
			isa = XCBuildConfiguration;
			buildSettings = {
				ALWAYS_SEARCH_USER_PATHS = NO;
				CLANG_ANALYZER_NONNULL = YES;
				CLANG_CXX_LANGUAGE_STANDARD = "gnu++0x";
				CLANG_CXX_LIBRARY = "libc++";
				CLANG_ENABLE_MODULES = YES;
				CLANG_ENABLE_OBJC_ARC = YES;
				CLANG_WARN_BOOL_CONVERSION = YES;
				CLANG_WARN_CONSTANT_CONVERSION = YES;
				CLANG_WARN_DIRECT_OBJC_ISA_USAGE = YES_ERROR;
				CLANG_WARN_DOCUMENTATION_COMMENTS = YES;
				CLANG_WARN_EMPTY_BODY = YES;
				CLANG_WARN_ENUM_CONVERSION = YES;
				CLANG_WARN_INFINITE_RECURSION = YES;
				CLANG_WARN_INT_CONVERSION = YES;
				CLANG_WARN_OBJC_ROOT_CLASS = YES_ERROR;
				CLANG_WARN_SUSPICIOUS_MOVE = YES;
				CLANG_WARN_UNREACHABLE_CODE = YES;
				CLANG_WARN__DUPLICATE_METHOD_MATCH = YES;
				"CODE_SIGN_IDENTITY[sdk=iphoneos*]" = "iPhone Developer";
				COPY_PHASE_STRIP = NO;
				DEBUG_INFORMATION_FORMAT = dwarf;
				ENABLE_STRICT_OBJC_MSGSEND = YES;
				ENABLE_TESTABILITY = YES;
				GCC_C_LANGUAGE_STANDARD = gnu99;
				GCC_DYNAMIC_NO_PIC = NO;
				GCC_NO_COMMON_BLOCKS = YES;
				GCC_OPTIMIZATION_LEVEL = 0;
				GCC_PREPROCESSOR_DEFINITIONS = (
					"DEBUG=1",
					"$(inherited)",
				);
				GCC_WARN_64_TO_32_BIT_CONVERSION = YES;
				GCC_WARN_ABOUT_RETURN_TYPE = YES_ERROR;
				GCC_WARN_UNDECLARED_SELECTOR = YES;
				GCC_WARN_UNINITIALIZED_AUTOS = YES_AGGRESSIVE;
				GCC_WARN_UNUSED_FUNCTION = YES;
				GCC_WARN_UNUSED_VARIABLE = YES;
				IPHONEOS_DEPLOYMENT_TARGET = 10.2;
				MTL_ENABLE_DEBUG_INFO = YES;
				ONLY_ACTIVE_ARCH = YES;
				SDKROOT = iphoneos;
				SWIFT_ACTIVE_COMPILATION_CONDITIONS = DEBUG;
				SWIFT_OPTIMIZATION_LEVEL = "-Onone";
				TARGETED_DEVICE_FAMILY = "1,2";
			};
			name = Debug;
		};
		9B0162681F72E0FF005912CE /* Release */ = {
			isa = XCBuildConfiguration;
			buildSettings = {
				ALWAYS_SEARCH_USER_PATHS = NO;
				CLANG_ANALYZER_NONNULL = YES;
				CLANG_CXX_LANGUAGE_STANDARD = "gnu++0x";
				CLANG_CXX_LIBRARY = "libc++";
				CLANG_ENABLE_MODULES = YES;
				CLANG_ENABLE_OBJC_ARC = YES;
				CLANG_WARN_BOOL_CONVERSION = YES;
				CLANG_WARN_CONSTANT_CONVERSION = YES;
				CLANG_WARN_DIRECT_OBJC_ISA_USAGE = YES_ERROR;
				CLANG_WARN_DOCUMENTATION_COMMENTS = YES;
				CLANG_WARN_EMPTY_BODY = YES;
				CLANG_WARN_ENUM_CONVERSION = YES;
				CLANG_WARN_INFINITE_RECURSION = YES;
				CLANG_WARN_INT_CONVERSION = YES;
				CLANG_WARN_OBJC_ROOT_CLASS = YES_ERROR;
				CLANG_WARN_SUSPICIOUS_MOVE = YES;
				CLANG_WARN_UNREACHABLE_CODE = YES;
				CLANG_WARN__DUPLICATE_METHOD_MATCH = YES;
				"CODE_SIGN_IDENTITY[sdk=iphoneos*]" = "iPhone Developer";
				COPY_PHASE_STRIP = NO;
				DEBUG_INFORMATION_FORMAT = "dwarf-with-dsym";
				ENABLE_NS_ASSERTIONS = NO;
				ENABLE_STRICT_OBJC_MSGSEND = YES;
				GCC_C_LANGUAGE_STANDARD = gnu99;
				GCC_NO_COMMON_BLOCKS = YES;
				GCC_WARN_64_TO_32_BIT_CONVERSION = YES;
				GCC_WARN_ABOUT_RETURN_TYPE = YES_ERROR;
				GCC_WARN_UNDECLARED_SELECTOR = YES;
				GCC_WARN_UNINITIALIZED_AUTOS = YES_AGGRESSIVE;
				GCC_WARN_UNUSED_FUNCTION = YES;
				GCC_WARN_UNUSED_VARIABLE = YES;
				IPHONEOS_DEPLOYMENT_TARGET = 10.2;
				MTL_ENABLE_DEBUG_INFO = NO;
				SDKROOT = iphoneos;
				SWIFT_OPTIMIZATION_LEVEL = "-Owholemodule";
				TARGETED_DEVICE_FAMILY = "1,2";
				VALIDATE_PRODUCT = YES;
			};
			name = Release;
		};
		9B01626A1F72E0FF005912CE /* Debug */ = {
			isa = XCBuildConfiguration;
			buildSettings = {
				ASSETCATALOG_COMPILER_APPICON_NAME = AppIcon;
				INFOPLIST_FILE = Match_2/Info.plist;
				LD_RUNPATH_SEARCH_PATHS = "$(inherited) @executable_path/Frameworks";
				PRODUCT_BUNDLE_IDENTIFIER = "com.geneau.Match-2";
				PRODUCT_NAME = "$(TARGET_NAME)";
				SWIFT_VERSION = 3.0;
			};
			name = Debug;
		};
		9B01626B1F72E0FF005912CE /* Release */ = {
			isa = XCBuildConfiguration;
			buildSettings = {
				ASSETCATALOG_COMPILER_APPICON_NAME = AppIcon;
				INFOPLIST_FILE = Match_2/Info.plist;
				LD_RUNPATH_SEARCH_PATHS = "$(inherited) @executable_path/Frameworks";
				PRODUCT_BUNDLE_IDENTIFIER = "com.geneau.Match-2";
				PRODUCT_NAME = "$(TARGET_NAME)";
				SWIFT_VERSION = 3.0;
			};
			name = Release;
		};
/* End XCBuildConfiguration section */

/* Begin XCConfigurationList section */
		9B0162521F72E0FE005912CE /* Build configuration list for PBXProject "Match_2" */ = {
			isa = XCConfigurationList;
			buildConfigurations = (
				9B0162671F72E0FF005912CE /* Debug */,
				9B0162681F72E0FF005912CE /* Release */,
			);
			defaultConfigurationIsVisible = 0;
			defaultConfigurationName = Release;
		};
		9B0162691F72E0FF005912CE /* Build configuration list for PBXNativeTarget "Match_2" */ = {
			isa = XCConfigurationList;
			buildConfigurations = (
				9B01626A1F72E0FF005912CE /* Debug */,
				9B01626B1F72E0FF005912CE /* Release */,
			);
			defaultConfigurationIsVisible = 0;
		};
/* End XCConfigurationList section */
	};
	rootObject = 9B01624F1F72E0FE005912CE /* Project object */;
}
